
Microsoft Visual Studio Solution File, Format Version 12.00
# Visual Studio Version 16
VisualStudioVersion = 16.0.28922.388
MinimumVisualStudioVersion = 10.0.40219.1
Project("{8BC9CEB8-8B4A-11D0-8D11-00A0C91BC942}") = "FirstMiniFilter", "FirstMiniFilter.vcxproj", "{56BF9ABD-0732-4478-925C-9450397EBB5D}"
EndProject
Global
	GlobalSection(SolutionConfigurationPlatforms) = preSolution
		Debug|ARM = Debug|ARM
		Debug|ARM64 = Debug|ARM64
		Debug|x64 = Debug|x64
		Debug|x86 = Debug|x86
		Release|ARM = Release|ARM
		Release|ARM64 = Release|ARM64
		Release|x64 = Release|x64
		Release|x86 = Release|x86
	EndGlobalSection
	GlobalSection(ProjectConfigurationPlatforms) = postSolution
		{56BF9ABD-0732-4478-925C-9450397EBB5D}.Debug|ARM.ActiveCfg = Debug|ARM
		{56BF9ABD-0732-4478-925C-9450397EBB5D}.Debug|ARM.Build.0 = Debug|ARM
		{56BF9ABD-0732-4478-925C-9450397EBB5D}.Debug|ARM.Deploy.0 = Debug|ARM
		{56BF9ABD-0732-4478-925C-9450397EBB5D}.Debug|ARM64.ActiveCfg = Debug|ARM64
		{56BF9ABD-0732-4478-925C-9450397EBB5D}.Debug|ARM64.Build.0 = Debug|ARM64
		{56BF9ABD-0732-4478-925C-9450397EBB5D}.Debug|ARM64.Deploy.0 = Debug|ARM64
		{56BF9ABD-0732-4478-925C-9450397EBB5D}.Debug|x64.ActiveCfg = Debug|x64
		{56BF9ABD-0732-4478-925C-9450397EBB5D}.Debug|x64.Build.0 = Debug|x64
		{56BF9ABD-0732-4478-925C-9450397EBB5D}.Debug|x64.Deploy.0 = Debug|x64
		{56BF9ABD-0732-4478-925C-9450397EBB5D}.Debug|x86.ActiveCfg = Debug|Win32
		{56BF9ABD-0732-4478-925C-9450397EBB5D}.Debug|x86.Build.0 = Debug|Win32
		{56BF9ABD-0732-4478-925C-9450397EBB5D}.Debug|x86.Deploy.0 = Debug|Win32
		{56BF9ABD-0732-4478-925C-9450397EBB5D}.Release|ARM.ActiveCfg = Release|ARM
		{56BF9ABD-0732-4478-925C-9450397EBB5D}.Release|ARM.Build.0 = Release|ARM
		{56BF9ABD-0732-4478-925C-9450397EBB5D}.Release|ARM.Deploy.0 = Release|ARM
		{56BF9ABD-0732-4478-925C-9450397EBB5D}.Release|ARM64.ActiveCfg = Release|ARM64
		{56BF9ABD-0732-4478-925C-9450397EBB5D}.Release|ARM64.Build.0 = Release|ARM64
		{56BF9ABD-0732-4478-925C-9450397EBB5D}.Release|ARM64.Deploy.0 = Release|ARM64
		{56BF9ABD-0732-4478-925C-9450397EBB5D}.Release|x64.ActiveCfg = Release|x64
		{56BF9ABD-0732-4478-925C-9450397EBB5D}.Release|x64.Build.0 = Release|x64
		{56BF9ABD-0732-4478-925C-9450397EBB5D}.Release|x64.Deploy.0 = Release|x64
		{56BF9ABD-0732-4478-925C-9450397EBB5D}.Release|x86.ActiveCfg = Release|Win32
		{56BF9ABD-0732-4478-925C-9450397EBB5D}.Release|x86.Build.0 = Release|Win32
		{56BF9ABD-0732-4478-925C-9450397EBB5D}.Release|x86.Deploy.0 = Release|Win32
	EndGlobalSection
	GlobalSection(SolutionProperties) = preSolution
		HideSolutionNode = FALSE
	EndGlobalSection
	GlobalSection(ExtensibilityGlobals) = postSolution
		SolutionGuid = {4ADACB50-81E9-4534-8E7C-C2E613D45B0E}
	EndGlobalSection
EndGlobal
